
Microsoft Visual Studio Solution File, Format Version 12.00
# Visual Studio Version 16
VisualStudioVersion = 16.0.30503.244
MinimumVisualStudioVersion = 10.0.40219.1
Project("{FAE04EC0-301F-11D3-BF4B-00C04F79EFBC}") = "DoodlJamp", "DoodlJamp\DoodlJamp.csproj", "{5D76EEF8-D9FE-4EF3-B5C2-A2897B1835EF}"
EndProject
Global
	GlobalSection(SolutionConfigurationPlatforms) = preSolution
		Debug|Any CPU = Debug|Any CPU
		Release|Any CPU = Release|Any CPU
	EndGlobalSection
	GlobalSection(ProjectConfigurationPlatforms) = postSolution
		{5D76EEF8-D9FE-4EF3-B5C2-A2897B1835EF}.Debug|Any CPU.ActiveCfg = Debug|Any CPU
		{5D76EEF8-D9FE-4EF3-B5C2-A2897B1835EF}.Debug|Any CPU.Build.0 = Debug|Any CPU
		{5D76EEF8-D9FE-4EF3-B5C2-A2897B1835EF}.Release|Any CPU.ActiveCfg = Release|Any CPU
		{5D76EEF8-D9FE-4EF3-B5C2-A2897B1835EF}.Release|Any CPU.Build.0 = Release|Any CPU
	EndGlobalSection
	GlobalSection(SolutionProperties) = preSolution
		HideSolutionNode = FALSE
	EndGlobalSection
	GlobalSection(ExtensibilityGlobals) = postSolution
		SolutionGuid = {23E76E58-F2EA-4AC0-936E-3FAECDC92F72}
	EndGlobalSection
EndGlobal
